
Microsoft Visual Studio Solution File, Format Version 12.00
# Visual Studio Version 17
VisualStudioVersion = 17.8.34302.71
MinimumVisualStudioVersion = 10.0.40219.1
Project("{2150E333-8FDC-42A3-9474-1A3956D46DE8}") = ".SolutionItems", ".SolutionItems", "{07D3DE94-9EB8-41FE-8888-0A483D30EBFD}"
	ProjectSection(SolutionItems) = preProject
		.editorconfig = .editorconfig
		.gitignore = .gitignore
		Clean.bat = Clean.bat
		src\Directory.Build.props = src\Directory.Build.props
		global.json = global.json
	EndProjectSection
EndProject
Project("{2150E333-8FDC-42A3-9474-1A3956D46DE8}") = ".azure-devops", ".azure-devops", "{DE7F66C7-5190-4846-8949-C99444148634}"
EndProject
Project("{2150E333-8FDC-42A3-9474-1A3956D46DE8}") = "workflows", "workflows", "{5F2028FC-13C5-479D-8665-7346B7C3D990}"
	ProjectSection(SolutionItems) = preProject
		.azure-devops\workflows\cd.yml = .azure-devops\workflows\cd.yml
		.azure-devops\workflows\ci.yml = .azure-devops\workflows\ci.yml
	EndProjectSection
EndProject
Project("{2150E333-8FDC-42A3-9474-1A3956D46DE8}") = "Job", "Job", "{299C57A3-5CF5-4F07-929D-CFF219F2D0C5}"
EndProject
Project("{9A19103F-16F7-4668-BE54-9A1E7A4F7556}") = "Tonrich.Job.ScreenShooter", "Tonrich.Job.ScreenShooter\Tonrich.Job.ScreenShooter.csproj", "{8D33D96B-8B8D-493D-A7CD-2341CA3D4E21}"
EndProject
Project("{9A19103F-16F7-4668-BE54-9A1E7A4F7556}") = "Tonrich.Shared", "Tonrich.Shared\Tonrich.Shared.csproj", "{1436D426-2A9B-4DDD-9301-9AA942F91B02}"
EndProject
Project("{9A19103F-16F7-4668-BE54-9A1E7A4F7556}") = "Tonrich.Server", "Tonrich.Server\Tonrich.Server.csproj", "{9BF63675-1C68-465A-9DDB-CE04EC36EC5D}"
EndProject
Project("{9A19103F-16F7-4668-BE54-9A1E7A4F7556}") = "Tonrich.Client", "Tonrich.Client\Tonrich.Client.csproj", "{A2B8A842-0EC3-42FF-BF11-2F0E2FFA3684}"
EndProject
Project("{2150E333-8FDC-42A3-9474-1A3956D46DE8}") = "Test", "Test", "{2D811E7F-3EA0-4127-838D-301178948DF1}"
EndProject
Project("{9A19103F-16F7-4668-BE54-9A1E7A4F7556}") = "Tonrich.Shared.Test", "Tonrich.Shared.Test\Tonrich.Shared.Test.csproj", "{54A02E97-AC27-4E82-BEB4-9A372EFA6A01}"
EndProject
Global
	GlobalSection(SolutionConfigurationPlatforms) = preSolution
		Debug|Any CPU = Debug|Any CPU
		Release|Any CPU = Release|Any CPU
	EndGlobalSection
	GlobalSection(ProjectConfigurationPlatforms) = postSolution
		{8D33D96B-8B8D-493D-A7CD-2341CA3D4E21}.Debug|Any CPU.ActiveCfg = Debug|Any CPU
		{8D33D96B-8B8D-493D-A7CD-2341CA3D4E21}.Debug|Any CPU.Build.0 = Debug|Any CPU
		{8D33D96B-8B8D-493D-A7CD-2341CA3D4E21}.Release|Any CPU.ActiveCfg = Release|Any CPU
		{8D33D96B-8B8D-493D-A7CD-2341CA3D4E21}.Release|Any CPU.Build.0 = Release|Any CPU
		{1436D426-2A9B-4DDD-9301-9AA942F91B02}.Debug|Any CPU.ActiveCfg = Debug|Any CPU
		{1436D426-2A9B-4DDD-9301-9AA942F91B02}.Debug|Any CPU.Build.0 = Debug|Any CPU
		{1436D426-2A9B-4DDD-9301-9AA942F91B02}.Release|Any CPU.ActiveCfg = Release|Any CPU
		{1436D426-2A9B-4DDD-9301-9AA942F91B02}.Release|Any CPU.Build.0 = Release|Any CPU
		{9BF63675-1C68-465A-9DDB-CE04EC36EC5D}.Debug|Any CPU.ActiveCfg = Debug|Any CPU
		{9BF63675-1C68-465A-9DDB-CE04EC36EC5D}.Debug|Any CPU.Build.0 = Debug|Any CPU
		{9BF63675-1C68-465A-9DDB-CE04EC36EC5D}.Release|Any CPU.ActiveCfg = Release|Any CPU
		{9BF63675-1C68-465A-9DDB-CE04EC36EC5D}.Release|Any CPU.Build.0 = Release|Any CPU
		{A2B8A842-0EC3-42FF-BF11-2F0E2FFA3684}.Debug|Any CPU.ActiveCfg = Debug|Any CPU
		{A2B8A842-0EC3-42FF-BF11-2F0E2FFA3684}.Debug|Any CPU.Build.0 = Debug|Any CPU
		{A2B8A842-0EC3-42FF-BF11-2F0E2FFA3684}.Release|Any CPU.ActiveCfg = Release|Any CPU
		{A2B8A842-0EC3-42FF-BF11-2F0E2FFA3684}.Release|Any CPU.Build.0 = Release|Any CPU
		{54A02E97-AC27-4E82-BEB4-9A372EFA6A01}.Debug|Any CPU.ActiveCfg = Debug|Any CPU
		{54A02E97-AC27-4E82-BEB4-9A372EFA6A01}.Debug|Any CPU.Build.0 = Debug|Any CPU
		{54A02E97-AC27-4E82-BEB4-9A372EFA6A01}.Release|Any CPU.ActiveCfg = Release|Any CPU
		{54A02E97-AC27-4E82-BEB4-9A372EFA6A01}.Release|Any CPU.Build.0 = Release|Any CPU
	EndGlobalSection
	GlobalSection(SolutionProperties) = preSolution
		HideSolutionNode = FALSE
	EndGlobalSection
	GlobalSection(NestedProjects) = preSolution
		{DE7F66C7-5190-4846-8949-C99444148634} = {07D3DE94-9EB8-41FE-8888-0A483D30EBFD}
		{5F2028FC-13C5-479D-8665-7346B7C3D990} = {DE7F66C7-5190-4846-8949-C99444148634}
		{8D33D96B-8B8D-493D-A7CD-2341CA3D4E21} = {299C57A3-5CF5-4F07-929D-CFF219F2D0C5}
		{54A02E97-AC27-4E82-BEB4-9A372EFA6A01} = {2D811E7F-3EA0-4127-838D-301178948DF1}
	EndGlobalSection
	GlobalSection(ExtensibilityGlobals) = postSolution
		SolutionGuid = {62EABCA9-B5C9-489A-B101-38E38ACEDC1E}
	EndGlobalSection
EndGlobal
